
Microsoft Visual Studio Solution File, Format Version 12.00
# Visual Studio Version 16
VisualStudioVersion = 16.0.30225.117
MinimumVisualStudioVersion = 10.0.40219.1
Project("{FAE04EC0-301F-11D3-BF4B-00C04F79EFBC}") = "Core", "Core\Core.csproj", "{63E5E536-D401-480A-B127-766389EF8A10}"
EndProject
Project("{FAE04EC0-301F-11D3-BF4B-00C04F79EFBC}") = "Data", "Data\Data.csproj", "{2FF6D880-7B6E-4081-B019-603A4AA70631}"
EndProject
Project("{FAE04EC0-301F-11D3-BF4B-00C04F79EFBC}") = "Service", "Service\Service.csproj", "{7DA2B41F-D073-48AC-A5C4-5FE7B7481004}"
EndProject
Project("{FAE04EC0-301F-11D3-BF4B-00C04F79EFBC}") = "Web", "Web\Web.csproj", "{AFA5A1B2-E8CB-4858-B71E-69A8A07AC292}"
EndProject
Global
	GlobalSection(SolutionConfigurationPlatforms) = preSolution
		Debug|Any CPU = Debug|Any CPU
		Release|Any CPU = Release|Any CPU
	EndGlobalSection
	GlobalSection(ProjectConfigurationPlatforms) = postSolution
		{63E5E536-D401-480A-B127-766389EF8A10}.Debug|Any CPU.ActiveCfg = Debug|Any CPU
		{63E5E536-D401-480A-B127-766389EF8A10}.Debug|Any CPU.Build.0 = Debug|Any CPU
		{63E5E536-D401-480A-B127-766389EF8A10}.Release|Any CPU.ActiveCfg = Release|Any CPU
		{63E5E536-D401-480A-B127-766389EF8A10}.Release|Any CPU.Build.0 = Release|Any CPU
		{2FF6D880-7B6E-4081-B019-603A4AA70631}.Debug|Any CPU.ActiveCfg = Debug|Any CPU
		{2FF6D880-7B6E-4081-B019-603A4AA70631}.Debug|Any CPU.Build.0 = Debug|Any CPU
		{2FF6D880-7B6E-4081-B019-603A4AA70631}.Release|Any CPU.ActiveCfg = Release|Any CPU
		{2FF6D880-7B6E-4081-B019-603A4AA70631}.Release|Any CPU.Build.0 = Release|Any CPU
		{7DA2B41F-D073-48AC-A5C4-5FE7B7481004}.Debug|Any CPU.ActiveCfg = Debug|Any CPU
		{7DA2B41F-D073-48AC-A5C4-5FE7B7481004}.Debug|Any CPU.Build.0 = Debug|Any CPU
		{7DA2B41F-D073-48AC-A5C4-5FE7B7481004}.Release|Any CPU.ActiveCfg = Release|Any CPU
		{7DA2B41F-D073-48AC-A5C4-5FE7B7481004}.Release|Any CPU.Build.0 = Release|Any CPU
		{AFA5A1B2-E8CB-4858-B71E-69A8A07AC292}.Debug|Any CPU.ActiveCfg = Debug|Any CPU
		{AFA5A1B2-E8CB-4858-B71E-69A8A07AC292}.Debug|Any CPU.Build.0 = Debug|Any CPU
		{AFA5A1B2-E8CB-4858-B71E-69A8A07AC292}.Release|Any CPU.ActiveCfg = Release|Any CPU
		{AFA5A1B2-E8CB-4858-B71E-69A8A07AC292}.Release|Any CPU.Build.0 = Release|Any CPU
	EndGlobalSection
	GlobalSection(SolutionProperties) = preSolution
		HideSolutionNode = FALSE
	EndGlobalSection
	GlobalSection(ExtensibilityGlobals) = postSolution
		SolutionGuid = {08B813CD-EE51-4D1F-B534-863234252ED1}
	EndGlobalSection
EndGlobal
